
Microsoft Visual Studio Solution File, Format Version 12.00
# Visual Studio 2013
VisualStudioVersion = 12.0.30723.0
MinimumVisualStudioVersion = 10.0.40219.1
Project("{FAE04EC0-301F-11D3-BF4B-00C04F79EFBC}") = "DCC", "DCC\DCC\DCC.csproj", "{E0B18116-445E-4880-A4A3-965CE99E6357}"
EndProject
Project("{FAE04EC0-301F-11D3-BF4B-00C04F79EFBC}") = "DCC.iOS", "DCC\DCC.iOS\DCC.iOS.csproj", "{D89E7FAB-DE91-4780-9F09-014353249265}"
EndProject
Project("{FAE04EC0-301F-11D3-BF4B-00C04F79EFBC}") = "DCC.Android", "DCC\DCC.Android\DCC.Android.csproj", "{2006236F-BA2D-49BA-9CC8-B73418A8A8C2}"
EndProject
Project("{FAE04EC0-301F-11D3-BF4B-00C04F79EFBC}") = "DCC.WinPhone", "DCC\DCC.WinPhone\DCC.WinPhone.csproj", "{05F894C6-162E-4C39-B21D-E0C3B54C7554}"
EndProject
Global
	GlobalSection(SolutionConfigurationPlatforms) = preSolution
		Ad-Hoc|Any CPU = Ad-Hoc|Any CPU
		Ad-Hoc|ARM = Ad-Hoc|ARM
		Ad-Hoc|iPhone = Ad-Hoc|iPhone
		Ad-Hoc|iPhoneSimulator = Ad-Hoc|iPhoneSimulator
		Ad-Hoc|Mixed Platforms = Ad-Hoc|Mixed Platforms
		Ad-Hoc|x86 = Ad-Hoc|x86
		AppStore|Any CPU = AppStore|Any CPU
		AppStore|ARM = AppStore|ARM
		AppStore|iPhone = AppStore|iPhone
		AppStore|iPhoneSimulator = AppStore|iPhoneSimulator
		AppStore|Mixed Platforms = AppStore|Mixed Platforms
		AppStore|x86 = AppStore|x86
		Debug|Any CPU = Debug|Any CPU
		Debug|ARM = Debug|ARM
		Debug|iPhone = Debug|iPhone
		Debug|iPhoneSimulator = Debug|iPhoneSimulator
		Debug|Mixed Platforms = Debug|Mixed Platforms
		Debug|x86 = Debug|x86
		Release|Any CPU = Release|Any CPU
		Release|ARM = Release|ARM
		Release|iPhone = Release|iPhone
		Release|iPhoneSimulator = Release|iPhoneSimulator
		Release|Mixed Platforms = Release|Mixed Platforms
		Release|x86 = Release|x86
	EndGlobalSection
	GlobalSection(ProjectConfigurationPlatforms) = postSolution
		{E0B18116-445E-4880-A4A3-965CE99E6357}.Ad-Hoc|Any CPU.ActiveCfg = Release|Any CPU
		{E0B18116-445E-4880-A4A3-965CE99E6357}.Ad-Hoc|Any CPU.Build.0 = Release|Any CPU
		{E0B18116-445E-4880-A4A3-965CE99E6357}.Ad-Hoc|ARM.ActiveCfg = Release|Any CPU
		{E0B18116-445E-4880-A4A3-965CE99E6357}.Ad-Hoc|iPhone.ActiveCfg = Release|Any CPU
		{E0B18116-445E-4880-A4A3-965CE99E6357}.Ad-Hoc|iPhoneSimulator.ActiveCfg = Release|Any CPU
		{E0B18116-445E-4880-A4A3-965CE99E6357}.Ad-Hoc|Mixed Platforms.ActiveCfg = Release|Any CPU
		{E0B18116-445E-4880-A4A3-965CE99E6357}.Ad-Hoc|Mixed Platforms.Build.0 = Release|Any CPU
		{E0B18116-445E-4880-A4A3-965CE99E6357}.Ad-Hoc|x86.ActiveCfg = Release|Any CPU
		{E0B18116-445E-4880-A4A3-965CE99E6357}.AppStore|Any CPU.ActiveCfg = Release|Any CPU
		{E0B18116-445E-4880-A4A3-965CE99E6357}.AppStore|Any CPU.Build.0 = Release|Any CPU
		{E0B18116-445E-4880-A4A3-965CE99E6357}.AppStore|ARM.ActiveCfg = Release|Any CPU
		{E0B18116-445E-4880-A4A3-965CE99E6357}.AppStore|iPhone.ActiveCfg = Release|Any CPU
		{E0B18116-445E-4880-A4A3-965CE99E6357}.AppStore|iPhoneSimulator.ActiveCfg = Release|Any CPU
		{E0B18116-445E-4880-A4A3-965CE99E6357}.AppStore|Mixed Platforms.ActiveCfg = Release|Any CPU
		{E0B18116-445E-4880-A4A3-965CE99E6357}.AppStore|Mixed Platforms.Build.0 = Release|Any CPU
		{E0B18116-445E-4880-A4A3-965CE99E6357}.AppStore|x86.ActiveCfg = Release|Any CPU
		{E0B18116-445E-4880-A4A3-965CE99E6357}.Debug|Any CPU.ActiveCfg = Debug|Any CPU
		{E0B18116-445E-4880-A4A3-965CE99E6357}.Debug|Any CPU.Build.0 = Debug|Any CPU
		{E0B18116-445E-4880-A4A3-965CE99E6357}.Debug|ARM.ActiveCfg = Debug|Any CPU
		{E0B18116-445E-4880-A4A3-965CE99E6357}.Debug|iPhone.ActiveCfg = Debug|Any CPU
		{E0B18116-445E-4880-A4A3-965CE99E6357}.Debug|iPhoneSimulator.ActiveCfg = Debug|Any CPU
		{E0B18116-445E-4880-A4A3-965CE99E6357}.Debug|iPhoneSimulator.Build.0 = Debug|Any CPU
		{E0B18116-445E-4880-A4A3-965CE99E6357}.Debug|Mixed Platforms.ActiveCfg = Debug|Any CPU
		{E0B18116-445E-4880-A4A3-965CE99E6357}.Debug|Mixed Platforms.Build.0 = Debug|Any CPU
		{E0B18116-445E-4880-A4A3-965CE99E6357}.Debug|x86.ActiveCfg = Debug|Any CPU
		{E0B18116-445E-4880-A4A3-965CE99E6357}.Release|Any CPU.ActiveCfg = Release|Any CPU
		{E0B18116-445E-4880-A4A3-965CE99E6357}.Release|Any CPU.Build.0 = Release|Any CPU
		{E0B18116-445E-4880-A4A3-965CE99E6357}.Release|ARM.ActiveCfg = Release|Any CPU
		{E0B18116-445E-4880-A4A3-965CE99E6357}.Release|iPhone.ActiveCfg = Release|Any CPU
		{E0B18116-445E-4880-A4A3-965CE99E6357}.Release|iPhoneSimulator.ActiveCfg = Release|Any CPU
		{E0B18116-445E-4880-A4A3-965CE99E6357}.Release|Mixed Platforms.ActiveCfg = Release|Any CPU
		{E0B18116-445E-4880-A4A3-965CE99E6357}.Release|Mixed Platforms.Build.0 = Release|Any CPU
		{E0B18116-445E-4880-A4A3-965CE99E6357}.Release|x86.ActiveCfg = Release|Any CPU
		{D89E7FAB-DE91-4780-9F09-014353249265}.Ad-Hoc|Any CPU.ActiveCfg = Ad-Hoc|iPhone
		{D89E7FAB-DE91-4780-9F09-014353249265}.Ad-Hoc|ARM.ActiveCfg = Ad-Hoc|iPhone
		{D89E7FAB-DE91-4780-9F09-014353249265}.Ad-Hoc|iPhone.ActiveCfg = Ad-Hoc|iPhone
		{D89E7FAB-DE91-4780-9F09-014353249265}.Ad-Hoc|iPhone.Build.0 = Ad-Hoc|iPhone
		{D89E7FAB-DE91-4780-9F09-014353249265}.Ad-Hoc|iPhoneSimulator.ActiveCfg = Ad-Hoc|iPhoneSimulator
		{D89E7FAB-DE91-4780-9F09-014353249265}.Ad-Hoc|iPhoneSimulator.Build.0 = Ad-Hoc|iPhoneSimulator
		{D89E7FAB-DE91-4780-9F09-014353249265}.Ad-Hoc|Mixed Platforms.ActiveCfg = Ad-Hoc|iPhone
		{D89E7FAB-DE91-4780-9F09-014353249265}.Ad-Hoc|Mixed Platforms.Build.0 = Ad-Hoc|iPhone
		{D89E7FAB-DE91-4780-9F09-014353249265}.Ad-Hoc|x86.ActiveCfg = Ad-Hoc|iPhone
		{D89E7FAB-DE91-4780-9F09-014353249265}.AppStore|Any CPU.ActiveCfg = AppStore|iPhone
		{D89E7FAB-DE91-4780-9F09-014353249265}.AppStore|ARM.ActiveCfg = AppStore|iPhone
		{D89E7FAB-DE91-4780-9F09-014353249265}.AppStore|iPhone.ActiveCfg = AppStore|iPhone
		{D89E7FAB-DE91-4780-9F09-014353249265}.AppStore|iPhone.Build.0 = AppStore|iPhone
		{D89E7FAB-DE91-4780-9F09-014353249265}.AppStore|iPhoneSimulator.ActiveCfg = AppStore|iPhoneSimulator
		{D89E7FAB-DE91-4780-9F09-014353249265}.AppStore|iPhoneSimulator.Build.0 = AppStore|iPhoneSimulator
		{D89E7FAB-DE91-4780-9F09-014353249265}.AppStore|Mixed Platforms.ActiveCfg = AppStore|iPhone
		{D89E7FAB-DE91-4780-9F09-014353249265}.AppStore|Mixed Platforms.Build.0 = AppStore|iPhone
		{D89E7FAB-DE91-4780-9F09-014353249265}.AppStore|x86.ActiveCfg = AppStore|iPhone
		{D89E7FAB-DE91-4780-9F09-014353249265}.Debug|Any CPU.ActiveCfg = Debug|iPhone
		{D89E7FAB-DE91-4780-9F09-014353249265}.Debug|ARM.ActiveCfg = Debug|iPhone
		{D89E7FAB-DE91-4780-9F09-014353249265}.Debug|iPhone.ActiveCfg = Debug|iPhone
		{D89E7FAB-DE91-4780-9F09-014353249265}.Debug|iPhone.Build.0 = Debug|iPhone
		{D89E7FAB-DE91-4780-9F09-014353249265}.Debug|iPhoneSimulator.ActiveCfg = Debug|iPhoneSimulator
		{D89E7FAB-DE91-4780-9F09-014353249265}.Debug|iPhoneSimulator.Build.0 = Debug|iPhoneSimulator
		{D89E7FAB-DE91-4780-9F09-014353249265}.Debug|Mixed Platforms.ActiveCfg = Debug|iPhone
		{D89E7FAB-DE91-4780-9F09-014353249265}.Debug|Mixed Platforms.Build.0 = Debug|iPhone
		{D89E7FAB-DE91-4780-9F09-014353249265}.Debug|x86.ActiveCfg = Debug|iPhone
		{D89E7FAB-DE91-4780-9F09-014353249265}.Release|Any CPU.ActiveCfg = Release|iPhone
		{D89E7FAB-DE91-4780-9F09-014353249265}.Release|ARM.ActiveCfg = Release|iPhone
		{D89E7FAB-DE91-4780-9F09-014353249265}.Release|iPhone.ActiveCfg = Release|iPhone
		{D89E7FAB-DE91-4780-9F09-014353249265}.Release|iPhone.Build.0 = Release|iPhone
		{D89E7FAB-DE91-4780-9F09-014353249265}.Release|iPhoneSimulator.ActiveCfg = Release|iPhoneSimulator
		{D89E7FAB-DE91-4780-9F09-014353249265}.Release|iPhoneSimulator.Build.0 = Release|iPhoneSimulator
		{D89E7FAB-DE91-4780-9F09-014353249265}.Release|Mixed Platforms.ActiveCfg = Release|iPhone
		{D89E7FAB-DE91-4780-9F09-014353249265}.Release|Mixed Platforms.Build.0 = Release|iPhone
		{D89E7FAB-DE91-4780-9F09-014353249265}.Release|x86.ActiveCfg = Release|iPhone
		{2006236F-BA2D-49BA-9CC8-B73418A8A8C2}.Ad-Hoc|Any CPU.ActiveCfg = Release|Any CPU
		{2006236F-BA2D-49BA-9CC8-B73418A8A8C2}.Ad-Hoc|Any CPU.Build.0 = Release|Any CPU
		{2006236F-BA2D-49BA-9CC8-B73418A8A8C2}.Ad-Hoc|Any CPU.Deploy.0 = Release|Any CPU
		{2006236F-BA2D-49BA-9CC8-B73418A8A8C2}.Ad-Hoc|ARM.ActiveCfg = Release|Any CPU
		{2006236F-BA2D-49BA-9CC8-B73418A8A8C2}.Ad-Hoc|iPhone.ActiveCfg = Release|Any CPU
		{2006236F-BA2D-49BA-9CC8-B73418A8A8C2}.Ad-Hoc|iPhoneSimulator.ActiveCfg = Release|Any CPU
		{2006236F-BA2D-49BA-9CC8-B73418A8A8C2}.Ad-Hoc|Mixed Platforms.ActiveCfg = Release|Any CPU
		{2006236F-BA2D-49BA-9CC8-B73418A8A8C2}.Ad-Hoc|Mixed Platforms.Build.0 = Release|Any CPU
		{2006236F-BA2D-49BA-9CC8-B73418A8A8C2}.Ad-Hoc|Mixed Platforms.Deploy.0 = Release|Any CPU
		{2006236F-BA2D-49BA-9CC8-B73418A8A8C2}.Ad-Hoc|x86.ActiveCfg = Release|Any CPU
		{2006236F-BA2D-49BA-9CC8-B73418A8A8C2}.AppStore|Any CPU.ActiveCfg = Release|Any CPU
		{2006236F-BA2D-49BA-9CC8-B73418A8A8C2}.AppStore|Any CPU.Build.0 = Release|Any CPU
		{2006236F-BA2D-49BA-9CC8-B73418A8A8C2}.AppStore|Any CPU.Deploy.0 = Release|Any CPU
		{2006236F-BA2D-49BA-9CC8-B73418A8A8C2}.AppStore|ARM.ActiveCfg = Release|Any CPU
		{2006236F-BA2D-49BA-9CC8-B73418A8A8C2}.AppStore|iPhone.ActiveCfg = Release|Any CPU
		{2006236F-BA2D-49BA-9CC8-B73418A8A8C2}.AppStore|iPhoneSimulator.ActiveCfg = Release|Any CPU
		{2006236F-BA2D-49BA-9CC8-B73418A8A8C2}.AppStore|Mixed Platforms.ActiveCfg = Release|Any CPU
		{2006236F-BA2D-49BA-9CC8-B73418A8A8C2}.AppStore|Mixed Platforms.Build.0 = Release|Any CPU
		{2006236F-BA2D-49BA-9CC8-B73418A8A8C2}.AppStore|Mixed Platforms.Deploy.0 = Release|Any CPU
		{2006236F-BA2D-49BA-9CC8-B73418A8A8C2}.AppStore|x86.ActiveCfg = Release|Any CPU
		{2006236F-BA2D-49BA-9CC8-B73418A8A8C2}.Debug|Any CPU.ActiveCfg = Debug|Any CPU
		{2006236F-BA2D-49BA-9CC8-B73418A8A8C2}.Debug|Any CPU.Build.0 = Debug|Any CPU
		{2006236F-BA2D-49BA-9CC8-B73418A8A8C2}.Debug|Any CPU.Deploy.0 = Debug|Any CPU
		{2006236F-BA2D-49BA-9CC8-B73418A8A8C2}.Debug|ARM.ActiveCfg = Debug|Any CPU
		{2006236F-BA2D-49BA-9CC8-B73418A8A8C2}.Debug|iPhone.ActiveCfg = Debug|Any CPU
		{2006236F-BA2D-49BA-9CC8-B73418A8A8C2}.Debug|iPhoneSimulator.ActiveCfg = Debug|Any CPU
		{2006236F-BA2D-49BA-9CC8-B73418A8A8C2}.Debug|Mixed Platforms.ActiveCfg = Debug|Any CPU
		{2006236F-BA2D-49BA-9CC8-B73418A8A8C2}.Debug|Mixed Platforms.Build.0 = Debug|Any CPU
		{2006236F-BA2D-49BA-9CC8-B73418A8A8C2}.Debug|Mixed Platforms.Deploy.0 = Debug|Any CPU
		{2006236F-BA2D-49BA-9CC8-B73418A8A8C2}.Debug|x86.ActiveCfg = Debug|Any CPU
		{2006236F-BA2D-49BA-9CC8-B73418A8A8C2}.Release|Any CPU.ActiveCfg = Release|Any CPU
		{2006236F-BA2D-49BA-9CC8-B73418A8A8C2}.Release|Any CPU.Build.0 = Release|Any CPU
		{2006236F-BA2D-49BA-9CC8-B73418A8A8C2}.Release|Any CPU.Deploy.0 = Release|Any CPU
		{2006236F-BA2D-49BA-9CC8-B73418A8A8C2}.Release|ARM.ActiveCfg = Release|Any CPU
		{2006236F-BA2D-49BA-9CC8-B73418A8A8C2}.Release|iPhone.ActiveCfg = Release|Any CPU
		{2006236F-BA2D-49BA-9CC8-B73418A8A8C2}.Release|iPhoneSimulator.ActiveCfg = Release|Any CPU
		{2006236F-BA2D-49BA-9CC8-B73418A8A8C2}.Release|Mixed Platforms.ActiveCfg = Release|Any CPU
		{2006236F-BA2D-49BA-9CC8-B73418A8A8C2}.Release|Mixed Platforms.Build.0 = Release|Any CPU
		{2006236F-BA2D-49BA-9CC8-B73418A8A8C2}.Release|Mixed Platforms.Deploy.0 = Release|Any CPU
		{2006236F-BA2D-49BA-9CC8-B73418A8A8C2}.Release|x86.ActiveCfg = Release|Any CPU
		{05F894C6-162E-4C39-B21D-E0C3B54C7554}.Ad-Hoc|Any CPU.ActiveCfg = Release|Any CPU
		{05F894C6-162E-4C39-B21D-E0C3B54C7554}.Ad-Hoc|Any CPU.Build.0 = Release|Any CPU
		{05F894C6-162E-4C39-B21D-E0C3B54C7554}.Ad-Hoc|Any CPU.Deploy.0 = Release|Any CPU
		{05F894C6-162E-4C39-B21D-E0C3B54C7554}.Ad-Hoc|ARM.ActiveCfg = Release|ARM
		{05F894C6-162E-4C39-B21D-E0C3B54C7554}.Ad-Hoc|ARM.Build.0 = Release|ARM
		{05F894C6-162E-4C39-B21D-E0C3B54C7554}.Ad-Hoc|ARM.Deploy.0 = Release|ARM
		{05F894C6-162E-4C39-B21D-E0C3B54C7554}.Ad-Hoc|iPhone.ActiveCfg = Release|Any CPU
		{05F894C6-162E-4C39-B21D-E0C3B54C7554}.Ad-Hoc|iPhoneSimulator.ActiveCfg = Release|Any CPU
		{05F894C6-162E-4C39-B21D-E0C3B54C7554}.Ad-Hoc|Mixed Platforms.ActiveCfg = Release|x86
		{05F894C6-162E-4C39-B21D-E0C3B54C7554}.Ad-Hoc|Mixed Platforms.Build.0 = Release|x86
		{05F894C6-162E-4C39-B21D-E0C3B54C7554}.Ad-Hoc|Mixed Platforms.Deploy.0 = Release|x86
		{05F894C6-162E-4C39-B21D-E0C3B54C7554}.Ad-Hoc|x86.ActiveCfg = Release|x86
		{05F894C6-162E-4C39-B21D-E0C3B54C7554}.Ad-Hoc|x86.Build.0 = Release|x86
		{05F894C6-162E-4C39-B21D-E0C3B54C7554}.Ad-Hoc|x86.Deploy.0 = Release|x86
		{05F894C6-162E-4C39-B21D-E0C3B54C7554}.AppStore|Any CPU.ActiveCfg = Release|Any CPU
		{05F894C6-162E-4C39-B21D-E0C3B54C7554}.AppStore|Any CPU.Build.0 = Release|Any CPU
		{05F894C6-162E-4C39-B21D-E0C3B54C7554}.AppStore|Any CPU.Deploy.0 = Release|Any CPU
		{05F894C6-162E-4C39-B21D-E0C3B54C7554}.AppStore|ARM.ActiveCfg = Release|ARM
		{05F894C6-162E-4C39-B21D-E0C3B54C7554}.AppStore|ARM.Build.0 = Release|ARM
		{05F894C6-162E-4C39-B21D-E0C3B54C7554}.AppStore|ARM.Deploy.0 = Release|ARM
		{05F894C6-162E-4C39-B21D-E0C3B54C7554}.AppStore|iPhone.ActiveCfg = Release|Any CPU
		{05F894C6-162E-4C39-B21D-E0C3B54C7554}.AppStore|iPhoneSimulator.ActiveCfg = Release|Any CPU
		{05F894C6-162E-4C39-B21D-E0C3B54C7554}.AppStore|Mixed Platforms.ActiveCfg = Release|x86
		{05F894C6-162E-4C39-B21D-E0C3B54C7554}.AppStore|Mixed Platforms.Build.0 = Release|x86
		{05F894C6-162E-4C39-B21D-E0C3B54C7554}.AppStore|Mixed Platforms.Deploy.0 = Release|x86
		{05F894C6-162E-4C39-B21D-E0C3B54C7554}.AppStore|x86.ActiveCfg = Release|x86
		{05F894C6-162E-4C39-B21D-E0C3B54C7554}.AppStore|x86.Build.0 = Release|x86
		{05F894C6-162E-4C39-B21D-E0C3B54C7554}.AppStore|x86.Deploy.0 = Release|x86
		{05F894C6-162E-4C39-B21D-E0C3B54C7554}.Debug|Any CPU.ActiveCfg = Debug|Any CPU
		{05F894C6-162E-4C39-B21D-E0C3B54C7554}.Debug|Any CPU.Build.0 = Debug|Any CPU
		{05F894C6-162E-4C39-B21D-E0C3B54C7554}.Debug|Any CPU.Deploy.0 = Debug|Any CPU
		{05F894C6-162E-4C39-B21D-E0C3B54C7554}.Debug|ARM.ActiveCfg = Debug|ARM
		{05F894C6-162E-4C39-B21D-E0C3B54C7554}.Debug|ARM.Build.0 = Debug|ARM
		{05F894C6-162E-4C39-B21D-E0C3B54C7554}.Debug|ARM.Deploy.0 = Debug|ARM
		{05F894C6-162E-4C39-B21D-E0C3B54C7554}.Debug|iPhone.ActiveCfg = Debug|Any CPU
		{05F894C6-162E-4C39-B21D-E0C3B54C7554}.Debug|iPhoneSimulator.ActiveCfg = Debug|Any CPU
		{05F894C6-162E-4C39-B21D-E0C3B54C7554}.Debug|Mixed Platforms.ActiveCfg = Debug|x86
		{05F894C6-162E-4C39-B21D-E0C3B54C7554}.Debug|Mixed Platforms.Build.0 = Debug|x86
		{05F894C6-162E-4C39-B21D-E0C3B54C7554}.Debug|Mixed Platforms.Deploy.0 = Debug|x86
		{05F894C6-162E-4C39-B21D-E0C3B54C7554}.Debug|x86.ActiveCfg = Debug|x86
		{05F894C6-162E-4C39-B21D-E0C3B54C7554}.Debug|x86.Build.0 = Debug|x86
		{05F894C6-162E-4C39-B21D-E0C3B54C7554}.Debug|x86.Deploy.0 = Debug|x86
		{05F894C6-162E-4C39-B21D-E0C3B54C7554}.Release|Any CPU.ActiveCfg = Release|Any CPU
		{05F894C6-162E-4C39-B21D-E0C3B54C7554}.Release|Any CPU.Build.0 = Release|Any CPU
		{05F894C6-162E-4C39-B21D-E0C3B54C7554}.Release|Any CPU.Deploy.0 = Release|Any CPU
		{05F894C6-162E-4C39-B21D-E0C3B54C7554}.Release|ARM.ActiveCfg = Release|ARM
		{05F894C6-162E-4C39-B21D-E0C3B54C7554}.Release|ARM.Build.0 = Release|ARM
		{05F894C6-162E-4C39-B21D-E0C3B54C7554}.Release|ARM.Deploy.0 = Release|ARM
		{05F894C6-162E-4C39-B21D-E0C3B54C7554}.Release|iPhone.ActiveCfg = Release|Any CPU
		{05F894C6-162E-4C39-B21D-E0C3B54C7554}.Release|iPhoneSimulator.ActiveCfg = Release|Any CPU
		{05F894C6-162E-4C39-B21D-E0C3B54C7554}.Release|Mixed Platforms.ActiveCfg = Release|x86
		{05F894C6-162E-4C39-B21D-E0C3B54C7554}.Release|Mixed Platforms.Build.0 = Release|x86
		{05F894C6-162E-4C39-B21D-E0C3B54C7554}.Release|Mixed Platforms.Deploy.0 = Release|x86
		{05F894C6-162E-4C39-B21D-E0C3B54C7554}.Release|x86.ActiveCfg = Release|x86
		{05F894C6-162E-4C39-B21D-E0C3B54C7554}.Release|x86.Build.0 = Release|x86
		{05F894C6-162E-4C39-B21D-E0C3B54C7554}.Release|x86.Deploy.0 = Release|x86
	EndGlobalSection
	GlobalSection(SolutionProperties) = preSolution
		HideSolutionNode = FALSE
	EndGlobalSection
EndGlobal
